uuid: 290182a8-f3c5-4a48-8c0d-e3733ab9c39f
langcode: en
status: true
dependencies:
  module:
    - copyright_block
  theme:
    - cosmos
_core:
  default_config_hash: x7xCQnT_8YOAinbzfUOU60FononSANRt_epIWQrSj-E
id: cosmos_copyrightblock
theme: cosmos
region: footer_bottom
weight: -4
provider: null
plugin: copyright_block
settings:
  id: copyright_block
  label: 'Copyright block'
  label_display: '0'
  provider: copyright_block
  start_year: '2026'
  separator: '-'
  text:
    value: 'Copyright [copyright_statement:dates] [site:name]'
    format: basic_html
visibility: {  }
