uuid: 0ed4b650-fa4f-4642-805a-92289eaf6512
langcode: en
status: true
dependencies:
  module:
    - copyright_block
  theme:
    - cosmos
_core:
  default_config_hash: Eq9fpKMSSoSDBSiS_HFz-ZfxbAMKPZvquTZ7KhCZktQ
id: cosmos_copyrightblock
theme: cosmos
region: footer
weight: -6
provider: null
plugin: copyright_block
settings:
  id: copyright_block
  label: 'Copyright block'
  label_display: '0'
  provider: copyright_block
  start_year: '2020'
  separator: '-'
  text:
    value: "<p>© Copyright [copyright_statement:dates] [site:name]</p>\r\n"
    format: basic_html
  seperator: '-'
visibility: {  }
