uuid: b9ecdbe5-0105-408e-8f70-cc5ef4546fbc
langcode: en
status: true
dependencies:
  module:
    - copyright_block
  theme:
    - scitalk_theme
_core:
  default_config_hash: Z_xvWKUStQoSDnGOlvjdFqfBzOuEbZLLB8yLBR7ZRyk
id: copyrightblock
theme: scitalk_theme
region: footer
weight: -6
provider: null
plugin: copyright_block
settings:
  id: copyright_block
  label: 'Copyright block'
  provider: copyright_block
  label_display: '0'
  start_year: '2020'
  separator: '-'
  text:
    value: "<p>© Copyright [copyright_statement:dates] [site:name]</p>\r\n"
    format: basic_html
  seperator: '-'
visibility: {  }
